
Microsoft Visual Studio Solution File, Format Version 12.00
# Visual Studio Version 17
VisualStudioVersion = 17.6.33513.286
MinimumVisualStudioVersion = 10.0.40219.1
Project("{A07B5EB6-E848-4116-A8D0-A826331D98C6}") = "MsiServiceFabricApp", "MsiServiceFabricApp\MsiServiceFabricApp.sfproj", "{F1F4162B-FA8C-405F-93C4-BCB01E995271}"
EndProject
Project("{FAE04EC0-301F-11D3-BF4B-00C04F79EFBC}") = "MsiWebApp", "MsiWebApp\MsiWebApp.csproj", "{37290B8F-AF58-4E0A-BB73-5FECD9293947}"
EndProject
Global
	GlobalSection(SolutionConfigurationPlatforms) = preSolution
		Debug|Any CPU = Debug|Any CPU
		Debug|x64 = Debug|x64
		Release|Any CPU = Release|Any CPU
		Release|x64 = Release|x64
	EndGlobalSection
	GlobalSection(ProjectConfigurationPlatforms) = postSolution
		{F1F4162B-FA8C-405F-93C4-BCB01E995271}.Debug|Any CPU.ActiveCfg = Debug|x64
		{F1F4162B-FA8C-405F-93C4-BCB01E995271}.Debug|Any CPU.Build.0 = Debug|x64
		{F1F4162B-FA8C-405F-93C4-BCB01E995271}.Debug|Any CPU.Deploy.0 = Debug|x64
		{F1F4162B-FA8C-405F-93C4-BCB01E995271}.Debug|x64.ActiveCfg = Debug|x64
		{F1F4162B-FA8C-405F-93C4-BCB01E995271}.Debug|x64.Build.0 = Debug|x64
		{F1F4162B-FA8C-405F-93C4-BCB01E995271}.Debug|x64.Deploy.0 = Debug|x64
		{F1F4162B-FA8C-405F-93C4-BCB01E995271}.Release|Any CPU.ActiveCfg = Release|x64
		{F1F4162B-FA8C-405F-93C4-BCB01E995271}.Release|Any CPU.Build.0 = Release|x64
		{F1F4162B-FA8C-405F-93C4-BCB01E995271}.Release|Any CPU.Deploy.0 = Release|x64
		{F1F4162B-FA8C-405F-93C4-BCB01E995271}.Release|x64.ActiveCfg = Release|x64
		{F1F4162B-FA8C-405F-93C4-BCB01E995271}.Release|x64.Build.0 = Release|x64
		{F1F4162B-FA8C-405F-93C4-BCB01E995271}.Release|x64.Deploy.0 = Release|x64
		{37290B8F-AF58-4E0A-BB73-5FECD9293947}.Debug|Any CPU.ActiveCfg = Debug|Any CPU
		{37290B8F-AF58-4E0A-BB73-5FECD9293947}.Debug|Any CPU.Build.0 = Debug|Any CPU
		{37290B8F-AF58-4E0A-BB73-5FECD9293947}.Debug|x64.ActiveCfg = Debug|Any CPU
		{37290B8F-AF58-4E0A-BB73-5FECD9293947}.Debug|x64.Build.0 = Debug|Any CPU
		{37290B8F-AF58-4E0A-BB73-5FECD9293947}.Release|Any CPU.ActiveCfg = Release|Any CPU
		{37290B8F-AF58-4E0A-BB73-5FECD9293947}.Release|Any CPU.Build.0 = Release|Any CPU
		{37290B8F-AF58-4E0A-BB73-5FECD9293947}.Release|x64.ActiveCfg = Release|Any CPU
		{37290B8F-AF58-4E0A-BB73-5FECD9293947}.Release|x64.Build.0 = Release|Any CPU
	EndGlobalSection
	GlobalSection(SolutionProperties) = preSolution
		HideSolutionNode = FALSE
	EndGlobalSection
	GlobalSection(ExtensibilityGlobals) = postSolution
		SolutionGuid = {B1EEE70D-0F83-4BB7-A6F0-C9D3F39EF153}
	EndGlobalSection
EndGlobal
